// !$*UTF8*$!
{
	archiveVersion = 1;
	classes = {
	};
	objectVersion = 48;
	objects = {

/* Begin PBXBuildFile section */
		082F048A2263865600485683 /* PrintArray.swift in Sources */ = {isa = PBXBuildFile; fileRef = 082F04892263865600485683 /* PrintArray.swift */; };
		0899E6A2223D423600277651 /* main.swift in Sources */ = {isa = PBXBuildFile; fileRef = 0899E6A1223D423600277651 /* main.swift */; };
		0899E6AA223D436800277651 /* Generator.swift in Sources */ = {isa = PBXBuildFile; fileRef = 0899E6A9223D436800277651 /* Generator.swift */; };
		0899E6AD223D43B000277651 /* String.swift in Sources */ = {isa = PBXBuildFile; fileRef = 0899E6AC223D43B000277651 /* String.swift */; };
		0899E6AF223D43CA00277651 /* ArgumentParser.swift in Sources */ = {isa = PBXBuildFile; fileRef = 0899E6AE223D43CA00277651 /* ArgumentParser.swift */; };
		1FC017322240034100FB9F5A /* PuzzleSolver.swift in Sources */ = {isa = PBXBuildFile; fileRef = 1FC017312240034100FB9F5A /* PuzzleSolver.swift */; };
		5B8A1C8222513830008DA690 /* Node.swift in Sources */ = {isa = PBXBuildFile; fileRef = 5B8A1C8122513830008DA690 /* Node.swift */; };
/* End PBXBuildFile section */

/* Begin PBXCopyFilesBuildPhase section */
		0899E69C223D423600277651 /* CopyFiles */ = {
			isa = PBXCopyFilesBuildPhase;
			buildActionMask = 2147483647;
			dstPath = /usr/share/man/man1/;
			dstSubfolderSpec = 0;
			files = (
			);
			runOnlyForDeploymentPostprocessing = 1;
		};
/* End PBXCopyFilesBuildPhase section */

/* Begin PBXFileReference section */
		082F04892263865600485683 /* PrintArray.swift */ = {isa = PBXFileReference; lastKnownFileType = sourcecode.swift; path = PrintArray.swift; sourceTree = "<group>"; };
		0899E69E223D423600277651 /* NPuzzleCommandLine */ = {isa = PBXFileReference; explicitFileType = "compiled.mach-o.executable"; includeInIndex = 0; path = NPuzzleCommandLine; sourceTree = BUILT_PRODUCTS_DIR; };
		0899E6A1223D423600277651 /* main.swift */ = {isa = PBXFileReference; lastKnownFileType = sourcecode.swift; path = main.swift; sourceTree = "<group>"; };
		0899E6A9223D436800277651 /* Generator.swift */ = {isa = PBXFileReference; lastKnownFileType = sourcecode.swift; path = Generator.swift; sourceTree = "<group>"; };
		0899E6AC223D43B000277651 /* String.swift */ = {isa = PBXFileReference; lastKnownFileType = sourcecode.swift; path = String.swift; sourceTree = "<group>"; };
		0899E6AE223D43CA00277651 /* ArgumentParser.swift */ = {isa = PBXFileReference; lastKnownFileType = sourcecode.swift; path = ArgumentParser.swift; sourceTree = "<group>"; };
		1FC017312240034100FB9F5A /* PuzzleSolver.swift */ = {isa = PBXFileReference; lastKnownFileType = sourcecode.swift; path = PuzzleSolver.swift; sourceTree = "<group>"; };
		5B8A1C8122513830008DA690 /* Node.swift */ = {isa = PBXFileReference; lastKnownFileType = sourcecode.swift; path = Node.swift; sourceTree = "<group>"; };
/* End PBXFileReference section */

/* Begin PBXFrameworksBuildPhase section */
		0899E69B223D423600277651 /* Frameworks */ = {
			isa = PBXFrameworksBuildPhase;
			buildActionMask = 2147483647;
			files = (
			);
			runOnlyForDeploymentPostprocessing = 0;
		};
/* End PBXFrameworksBuildPhase section */

/* Begin PBXGroup section */
		0899E695223D423600277651 = {
			isa = PBXGroup;
			children = (
				0899E6A0223D423600277651 /* NPuzzleCommandLine */,
				0899E69F223D423600277651 /* Products */,
			);
			sourceTree = "<group>";
		};
		0899E69F223D423600277651 /* Products */ = {
			isa = PBXGroup;
			children = (
				0899E69E223D423600277651 /* NPuzzleCommandLine */,
			);
			name = Products;
			sourceTree = "<group>";
		};
		0899E6A0223D423600277651 /* NPuzzleCommandLine */ = {
			isa = PBXGroup;
			children = (
				0899E6A1223D423600277651 /* main.swift */,
				5B8A1C8022513809008DA690 /* Models */,
				0899E6A8223D435300277651 /* Services */,
				0899E6AB223D439700277651 /* Extensions */,
			);
			path = NPuzzleCommandLine;
			sourceTree = "<group>";
		};
		0899E6A8223D435300277651 /* Services */ = {
			isa = PBXGroup;
			children = (
				0899E6A9223D436800277651 /* Generator.swift */,
				0899E6AE223D43CA00277651 /* ArgumentParser.swift */,
				1FC017312240034100FB9F5A /* PuzzleSolver.swift */,
				082F04892263865600485683 /* PrintArray.swift */,
			);
			path = Services;
			sourceTree = "<group>";
		};
		0899E6AB223D439700277651 /* Extensions */ = {
			isa = PBXGroup;
			children = (
				0899E6AC223D43B000277651 /* String.swift */,
			);
			path = Extensions;
			sourceTree = "<group>";
		};
		5B8A1C8022513809008DA690 /* Models */ = {
			isa = PBXGroup;
			children = (
				5B8A1C8122513830008DA690 /* Node.swift */,
			);
			path = Models;
			sourceTree = "<group>";
		};
/* End PBXGroup section */

/* Begin PBXNativeTarget section */
		0899E69D223D423600277651 /* NPuzzleCommandLine */ = {
			isa = PBXNativeTarget;
			buildConfigurationList = 0899E6A5223D423600277651 /* Build configuration list for PBXNativeTarget "NPuzzleCommandLine" */;
			buildPhases = (
				0899E69A223D423600277651 /* Sources */,
				0899E69B223D423600277651 /* Frameworks */,
				0899E69C223D423600277651 /* CopyFiles */,
			);
			buildRules = (
			);
			dependencies = (
			);
			name = NPuzzleCommandLine;
			productName = NPuzzleCommandLine;
			productReference = 0899E69E223D423600277651 /* NPuzzleCommandLine */;
			productType = "com.apple.product-type.tool";
		};
/* End PBXNativeTarget section */

/* Begin PBXProject section */
		0899E696223D423600277651 /* Project object */ = {
			isa = PBXProject;
			attributes = {
				LastSwiftUpdateCheck = 0920;
				LastUpgradeCheck = 0920;
				ORGANIZATIONNAME = "Kateryna Zakharchuk";
				TargetAttributes = {
					0899E69D223D423600277651 = {
						CreatedOnToolsVersion = 9.2;
						ProvisioningStyle = Automatic;
					};
				};
			};
			buildConfigurationList = 0899E699223D423600277651 /* Build configuration list for PBXProject "NPuzzleCommandLine" */;
			compatibilityVersion = "Xcode 8.0";
			developmentRegion = en;
			hasScannedForEncodings = 0;
			knownRegions = (
				en,
			);
			mainGroup = 0899E695223D423600277651;
			productRefGroup = 0899E69F223D423600277651 /* Products */;
			projectDirPath = "";
			projectRoot = "";
			targets = (
				0899E69D223D423600277651 /* NPuzzleCommandLine */,
			);
		};
/* End PBXProject section */

/* Begin PBXSourcesBuildPhase section */
		0899E69A223D423600277651 /* Sources */ = {
			isa = PBXSourcesBuildPhase;
			buildActionMask = 2147483647;
			files = (
				1FC017322240034100FB9F5A /* PuzzleSolver.swift in Sources */,
				0899E6AD223D43B000277651 /* String.swift in Sources */,
				0899E6A2223D423600277651 /* main.swift in Sources */,
				5B8A1C8222513830008DA690 /* Node.swift in Sources */,
				082F048A2263865600485683 /* PrintArray.swift in Sources */,
				0899E6AA223D436800277651 /* Generator.swift in Sources */,
				0899E6AF223D43CA00277651 /* ArgumentParser.swift in Sources */,
			);
			runOnlyForDeploymentPostprocessing = 0;
		};
/* End PBXSourcesBuildPhase section */

/* Begin XCBuildConfiguration section */
		0899E6A3223D423600277651 /* Debug */ = {
			isa = XCBuildConfiguration;
			buildSettings = {
				ALWAYS_SEARCH_USER_PATHS = NO;
				CLANG_ANALYZER_NONNULL = YES;
				CLANG_ANALYZER_NUMBER_OBJECT_CONVERSION = YES_AGGRESSIVE;
				CLANG_CXX_LANGUAGE_STANDARD = "gnu++14";
				CLANG_CXX_LIBRARY = "libc++";
				CLANG_ENABLE_MODULES = YES;
				CLANG_ENABLE_OBJC_ARC = YES;
				CLANG_WARN_BLOCK_CAPTURE_AUTORELEASING = YES;
				CLANG_WARN_BOOL_CONVERSION = YES;
				CLANG_WARN_COMMA = YES;
				CLANG_WARN_CONSTANT_CONVERSION = YES;
				CLANG_WARN_DIRECT_OBJC_ISA_USAGE = YES_ERROR;
				CLANG_WARN_DOCUMENTATION_COMMENTS = YES;
				CLANG_WARN_EMPTY_BODY = YES;
				CLANG_WARN_ENUM_CONVERSION = YES;
				CLANG_WARN_INFINITE_RECURSION = YES;
				CLANG_WARN_INT_CONVERSION = YES;
				CLANG_WARN_NON_LITERAL_NULL_CONVERSION = YES;
				CLANG_WARN_OBJC_LITERAL_CONVERSION = YES;
				CLANG_WARN_OBJC_ROOT_CLASS = YES_ERROR;
				CLANG_WARN_RANGE_LOOP_ANALYSIS = YES;
				CLANG_WARN_STRICT_PROTOTYPES = YES;
				CLANG_WARN_SUSPICIOUS_MOVE = YES;
				CLANG_WARN_UNGUARDED_AVAILABILITY = YES_AGGRESSIVE;
				CLANG_WARN_UNREACHABLE_CODE = YES;
				CLANG_WARN__DUPLICATE_METHOD_MATCH = YES;
				CODE_SIGN_IDENTITY = "Mac Developer";
				COPY_PHASE_STRIP = NO;
				DEBUG_INFORMATION_FORMAT = dwarf;
				ENABLE_STRICT_OBJC_MSGSEND = YES;
				ENABLE_TESTABILITY = YES;
				GCC_C_LANGUAGE_STANDARD = gnu11;
				GCC_DYNAMIC_NO_PIC = NO;
				GCC_NO_COMMON_BLOCKS = YES;
				GCC_OPTIMIZATION_LEVEL = 0;
				GCC_PREPROCESSOR_DEFINITIONS = (
					"DEBUG=1",
					"$(inherited)",
				);
				GCC_WARN_64_TO_32_BIT_CONVERSION = YES;
				GCC_WARN_ABOUT_RETURN_TYPE = YES_ERROR;
				GCC_WARN_UNDECLARED_SELECTOR = YES;
				GCC_WARN_UNINITIALIZED_AUTOS = YES_AGGRESSIVE;
				GCC_WARN_UNUSED_FUNCTION = YES;
				GCC_WARN_UNUSED_VARIABLE = YES;
				MACOSX_DEPLOYMENT_TARGET = 10.13;
				MTL_ENABLE_DEBUG_INFO = YES;
				ONLY_ACTIVE_ARCH = YES;
				SDKROOT = macosx;
				SWIFT_ACTIVE_COMPILATION_CONDITIONS = DEBUG;
				SWIFT_OPTIMIZATION_LEVEL = "-Onone";
			};
			name = Debug;
		};
		0899E6A4223D423600277651 /* Release */ = {
			isa = XCBuildConfiguration;
			buildSettings = {
				ALWAYS_SEARCH_USER_PATHS = NO;
				CLANG_ANALYZER_NONNULL = YES;
				CLANG_ANALYZER_NUMBER_OBJECT_CONVERSION = YES_AGGRESSIVE;
				CLANG_CXX_LANGUAGE_STANDARD = "gnu++14";
				CLANG_CXX_LIBRARY = "libc++";
				CLANG_ENABLE_MODULES = YES;
				CLANG_ENABLE_OBJC_ARC = YES;
				CLANG_WARN_BLOCK_CAPTURE_AUTORELEASING = YES;
				CLANG_WARN_BOOL_CONVERSION = YES;
				CLANG_WARN_COMMA = YES;
				CLANG_WARN_CONSTANT_CONVERSION = YES;
				CLANG_WARN_DIRECT_OBJC_ISA_USAGE = YES_ERROR;
				CLANG_WARN_DOCUMENTATION_COMMENTS = YES;
				CLANG_WARN_EMPTY_BODY = YES;
				CLANG_WARN_ENUM_CONVERSION = YES;
				CLANG_WARN_INFINITE_RECURSION = YES;
				CLANG_WARN_INT_CONVERSION = YES;
				CLANG_WARN_NON_LITERAL_NULL_CONVERSION = YES;
				CLANG_WARN_OBJC_LITERAL_CONVERSION = YES;
				CLANG_WARN_OBJC_ROOT_CLASS = YES_ERROR;
				CLANG_WARN_RANGE_LOOP_ANALYSIS = YES;
				CLANG_WARN_STRICT_PROTOTYPES = YES;
				CLANG_WARN_SUSPICIOUS_MOVE = YES;
				CLANG_WARN_UNGUARDED_AVAILABILITY = YES_AGGRESSIVE;
				CLANG_WARN_UNREACHABLE_CODE = YES;
				CLANG_WARN__DUPLICATE_METHOD_MATCH = YES;
				CODE_SIGN_IDENTITY = "Mac Developer";
				COPY_PHASE_STRIP = NO;
				DEBUG_INFORMATION_FORMAT = "dwarf-with-dsym";
				ENABLE_NS_ASSERTIONS = NO;
				ENABLE_STRICT_OBJC_MSGSEND = YES;
				GCC_C_LANGUAGE_STANDARD = gnu11;
				GCC_NO_COMMON_BLOCKS = YES;
				GCC_WARN_64_TO_32_BIT_CONVERSION = YES;
				GCC_WARN_ABOUT_RETURN_TYPE = YES_ERROR;
				GCC_WARN_UNDECLARED_SELECTOR = YES;
				GCC_WARN_UNINITIALIZED_AUTOS = YES_AGGRESSIVE;
				GCC_WARN_UNUSED_FUNCTION = YES;
				GCC_WARN_UNUSED_VARIABLE = YES;
				MACOSX_DEPLOYMENT_TARGET = 10.13;
				MTL_ENABLE_DEBUG_INFO = NO;
				SDKROOT = macosx;
				SWIFT_OPTIMIZATION_LEVEL = "-Owholemodule";
			};
			name = Release;
		};
		0899E6A6223D423600277651 /* Debug */ = {
			isa = XCBuildConfiguration;
			buildSettings = {
				CODE_SIGN_STYLE = Automatic;
				DEVELOPMENT_TEAM = 9596FLHWUS;
				PRODUCT_NAME = "$(TARGET_NAME)";
				SWIFT_VERSION = 4.0;
			};
			name = Debug;
		};
		0899E6A7223D423600277651 /* Release */ = {
			isa = XCBuildConfiguration;
			buildSettings = {
				CODE_SIGN_STYLE = Automatic;
				DEVELOPMENT_TEAM = 9596FLHWUS;
				PRODUCT_NAME = "$(TARGET_NAME)";
				SWIFT_VERSION = 4.0;
			};
			name = Release;
		};
/* End XCBuildConfiguration section */

/* Begin XCConfigurationList section */
		0899E699223D423600277651 /* Build configuration list for PBXProject "NPuzzleCommandLine" */ = {
			isa = XCConfigurationList;
			buildConfigurations = (
				0899E6A3223D423600277651 /* Debug */,
				0899E6A4223D423600277651 /* Release */,
			);
			defaultConfigurationIsVisible = 0;
			defaultConfigurationName = Release;
		};
		0899E6A5223D423600277651 /* Build configuration list for PBXNativeTarget "NPuzzleCommandLine" */ = {
			isa = XCConfigurationList;
			buildConfigurations = (
				0899E6A6223D423600277651 /* Debug */,
				0899E6A7223D423600277651 /* Release */,
			);
			defaultConfigurationIsVisible = 0;
			defaultConfigurationName = Release;
		};
/* End XCConfigurationList section */
	};
	rootObject = 0899E696223D423600277651 /* Project object */;
}
